github.com/OffchainLabs/hashtree v0.2.1-0.20250530191054-577f0b75c7f7 h1:0r1HjExe/tyypkt380UTpjvILd5kLw51Xzl6a+hknQ8=
github.com/OffchainLabs/hashtree v0.2.1-0.20250530191054-577f0b75c7f7/go.mod h1:b07+cRZs+eAR8TR57CB9TQlt5Gnl/06Xs76xt/1wq0M=
github.com/casbin/govaluate v1.8.0 h1:1dUaV/I0LFP2tcY1uNQEb6wBCbp8GMTcC/zhwQDWvZo=
github.com/casbin/govaluate v1.8.0/go.mod h1:G/UnbIjZk/0uMNaLwZZmFQrR72tYRZWQkO70si/iR7A=
github.com/google/go-cmp v0.6.0 h1:ofyhxvXcZhMsU5ulbFiLKl/XBFqE1GSq7atu8tAmTRI=
github.com/google/go-cmp v0.6.0/go.mod h1:17dUlkBOakJ0+DkrSSNjCkIjxS6bF9zb3elmeNGIjoY=
github.com/klauspost/cpuid/v2 v2.0.9 h1:lgaqFMSdTdQYdZ04uHyN2d/eKdOMyi2YLSvlQIBFYa4=
github.com/klauspost/cpuid/v2 v2.0.9/go.mod h1:FInQzS24/EEf25PyTYn52gqo7WaD8xa0213Md/qVLRg=
github.com/pk910/dynamic-ssz v1.1.0 h1:jlVpGQD56krJmRjSYLpXocw5xV8InnFUcIG0MRNJJ64=
github.com/pk910/dynamic-ssz v1.1.0/go.mod h1:Kk+cqNoN3z0DCaqII4JLt8W0N2lneDGoUFSeaIku3Uo=
golang.org/x/mod v0.28.0 h1:gQBtGhjxykdjY9YhZpSlZIsbnaE2+PgjfLWUQTnoZ1U=
golang.org/x/mod v0.28.0/go.mod h1:yfB/L0NOf/kmEbXjzCPOx1iK1fRutOydrCMsqRhEBxI=
golang.org/x/sync v0.17.0 h1:l60nONMj9l5drqw6jlhIELNv9I0A4OFgRsG9k2oT9Ug=
golang.org/x/sync v0.17.0/go.mod h1:9KTHXmSnoGruLpwFjVSX0lNNA75CykiMECbovNTZqGI=
golang.org/x/tools v0.37.0 h1:DVSRzp7FwePZW356yEAChSdNcQo6Nsp+fex1SUW09lE=
golang.org/x/tools v0.37.0/go.mod h1:MBN5QPQtLMHVdvsbtarmTNukZDdgwdwlO5qGacAzF0w=
