github.com/casbin/govaluate v1.8.0 h1:1dUaV/I0LFP2tcY1uNQEb6wBCbp8GMTcC/zhwQDWvZo=
github.com/casbin/govaluate v1.8.0/go.mod h1:G/UnbIjZk/0uMNaLwZZmFQrR72tYRZWQkO70si/iR7A=
github.com/klauspost/cpuid/v2 v2.3.0 h1:S4CRMLnYUhGeDFDqkGriYKdfoFlDnMtqTiI/sFzhA9Y=
github.com/klauspost/cpuid/v2 v2.3.0/go.mod h1:hqwkgyIinND0mEev00jJYCxPNVRVXFQeu1XKlok6oO0=
github.com/pk910/hashtree-bindings v0.0.1 h1:Sw+UlPlrBle4LUg04kqLFybVQcfmamwKL1QsrR3GU0g=
github.com/pk910/hashtree-bindings v0.0.1/go.mod h1:eayIpxMFkWzMsydESu/5bV8wglZzSE/c9mq6DQdn204=
golang.org/x/sys v0.36.0 h1:KVRy2GtZBrk1cBYA7MKu5bEZFxQk4NIDV6RLVcC8o0k=
golang.org/x/sys v0.36.0/go.mod h1:OgkHotnGiDImocRcuBABYBEXf8A9a87e/uXjp9XT3ks=
